
Microsoft Visual Studio Solution File, Format Version 12.00
# Visual Studio 15
VisualStudioVersion = 15.0.28307.421
MinimumVisualStudioVersion = 10.0.40219.1
Project("{FAE04EC0-301F-11D3-BF4B-00C04F79EFBC}") = "17621834_Daniela_3b", "17621834_Daniela_3b\17621834_Daniela_3b.csproj", "{1EB250F9-DD6A-4DD7-BF2A-F6E996A841E3}"
EndProject
Global
	GlobalSection(SolutionConfigurationPlatforms) = preSolution
		Debug|Any CPU = Debug|Any CPU
		Release|Any CPU = Release|Any CPU
	EndGlobalSection
	GlobalSection(ProjectConfigurationPlatforms) = postSolution
		{1EB250F9-DD6A-4DD7-BF2A-F6E996A841E3}.Debug|Any CPU.ActiveCfg = Debug|Any CPU
		{1EB250F9-DD6A-4DD7-BF2A-F6E996A841E3}.Debug|Any CPU.Build.0 = Debug|Any CPU
		{1EB250F9-DD6A-4DD7-BF2A-F6E996A841E3}.Release|Any CPU.ActiveCfg = Release|Any CPU
		{1EB250F9-DD6A-4DD7-BF2A-F6E996A841E3}.Release|Any CPU.Build.0 = Release|Any CPU
	EndGlobalSection
	GlobalSection(SolutionProperties) = preSolution
		HideSolutionNode = FALSE
	EndGlobalSection
	GlobalSection(ExtensibilityGlobals) = postSolution
		SolutionGuid = {33D513C0-5817-46ED-9DD7-94E2F751F203}
	EndGlobalSection
EndGlobal
